
Microsoft Visual Studio Solution File, Format Version 12.00
Project("{2150E333-8FDC-42A3-9474-1A3956D46DE8}") = "Solution Items", "Solution Items", "{0ED8A80B-AA09-4F3C-9BCB-3C3A5C5E3185}"
	ProjectSection(SolutionItems) = preProject
		docker-compose.yml = docker-compose.yml
	EndProjectSection
EndProject
Project("{2150E333-8FDC-42A3-9474-1A3956D46DE8}") = "src", "src", "{886453CE-FD5D-4C28-ADE6-6EE9AB8E26DF}"
EndProject
Project("{2150E333-8FDC-42A3-9474-1A3956D46DE8}") = "tests", "tests", "{357C4FD4-4853-4C86-9CB2-557D6D58842B}"
EndProject
Project("{2150E333-8FDC-42A3-9474-1A3956D46DE8}") = "Application", "Application", "{E51B1F95-8BD3-4453-826F-0365C7DD61AC}"
EndProject
Project("{2150E333-8FDC-42A3-9474-1A3956D46DE8}") = "Domain", "Domain", "{7B08AF60-B046-45CC-BFBB-97D49D01B77D}"
EndProject
Project("{2150E333-8FDC-42A3-9474-1A3956D46DE8}") = "Infrastructure", "Infrastructure", "{FA78200F-4B53-4DDA-AF6E-CFF2B020830F}"
EndProject
Project("{2150E333-8FDC-42A3-9474-1A3956D46DE8}") = "Presentation", "Presentation", "{93D6DE34-BED2-40F8-88F2-829DBEF34E1D}"
EndProject
Project("{FAE04EC0-301F-11D3-BF4B-00C04F79EFBC}") = "LiveOrderBook.Application", "LiveOrderBook.Application\LiveOrderBook.Application.csproj", "{AED409B2-DBB8-4590-92FD-A7DEC833CCFF}"
EndProject
Project("{FAE04EC0-301F-11D3-BF4B-00C04F79EFBC}") = "LiveOrderBook.Domain", "LiveOrderBook.Domain\LiveOrderBook.Domain.csproj", "{704B9816-3FCA-4817-BD97-C87CE6F9268D}"
EndProject
Project("{FAE04EC0-301F-11D3-BF4B-00C04F79EFBC}") = "LiveOrderBook.Infrastructure", "LiveOrderBook.Infrastructure\LiveOrderBook.Infrastructure.csproj", "{D7903939-DD15-428E-B029-A6F9168848D3}"
EndProject
Project("{FAE04EC0-301F-11D3-BF4B-00C04F79EFBC}") = "LiveOrderBook.Presentation.BlazorWebApp", "LiveOrderBook.Presentation.BlazorWebApp\LiveOrderBook.Presentation.BlazorWebApp.csproj", "{4EEFC02E-9F2D-4587-B4E2-B215455270DB}"
EndProject
Project("{FAE04EC0-301F-11D3-BF4B-00C04F79EFBC}") = "LiveOrderBook.Presentation.API", "LiveOrderBook.Presentation.API\LiveOrderBook.Presentation.API.csproj", "{F54A75A6-5BBF-4A95-9281-8785CF0B86B8}"
EndProject
Project("{2150E333-8FDC-42A3-9474-1A3956D46DE8}") = "Application.Tests", "Application.Tests", "{20DBE5F1-BAB5-4B7A-9562-B2D324D2E2F5}"
EndProject
Project("{FAE04EC0-301F-11D3-BF4B-00C04F79EFBC}") = "LiveOrderBook.Application.Test", "LiveOrderBook.Application.Test\LiveOrderBook.Application.Test.csproj", "{5809DB51-04D3-45E2-B508-58BAE17E09FA}"
EndProject
Project("{FAE04EC0-301F-11D3-BF4B-00C04F79EFBC}") = "LiveOrderBook.Infrastructure.Test", "LiveOrderBook.Infrastructure.Test\LiveOrderBook.Infrastructure.Test.csproj", "{8728E824-A8FC-46AD-9150-4D612D454128}"
EndProject
Global
	GlobalSection(SolutionConfigurationPlatforms) = preSolution
		Debug|Any CPU = Debug|Any CPU
		Release|Any CPU = Release|Any CPU
	EndGlobalSection
	GlobalSection(ProjectConfigurationPlatforms) = postSolution
		{AED409B2-DBB8-4590-92FD-A7DEC833CCFF}.Debug|Any CPU.ActiveCfg = Debug|Any CPU
		{AED409B2-DBB8-4590-92FD-A7DEC833CCFF}.Debug|Any CPU.Build.0 = Debug|Any CPU
		{AED409B2-DBB8-4590-92FD-A7DEC833CCFF}.Release|Any CPU.ActiveCfg = Release|Any CPU
		{AED409B2-DBB8-4590-92FD-A7DEC833CCFF}.Release|Any CPU.Build.0 = Release|Any CPU
		{704B9816-3FCA-4817-BD97-C87CE6F9268D}.Debug|Any CPU.ActiveCfg = Debug|Any CPU
		{704B9816-3FCA-4817-BD97-C87CE6F9268D}.Debug|Any CPU.Build.0 = Debug|Any CPU
		{704B9816-3FCA-4817-BD97-C87CE6F9268D}.Release|Any CPU.ActiveCfg = Release|Any CPU
		{704B9816-3FCA-4817-BD97-C87CE6F9268D}.Release|Any CPU.Build.0 = Release|Any CPU
		{D7903939-DD15-428E-B029-A6F9168848D3}.Debug|Any CPU.ActiveCfg = Debug|Any CPU
		{D7903939-DD15-428E-B029-A6F9168848D3}.Debug|Any CPU.Build.0 = Debug|Any CPU
		{D7903939-DD15-428E-B029-A6F9168848D3}.Release|Any CPU.ActiveCfg = Release|Any CPU
		{D7903939-DD15-428E-B029-A6F9168848D3}.Release|Any CPU.Build.0 = Release|Any CPU
		{4EEFC02E-9F2D-4587-B4E2-B215455270DB}.Debug|Any CPU.ActiveCfg = Debug|Any CPU
		{4EEFC02E-9F2D-4587-B4E2-B215455270DB}.Debug|Any CPU.Build.0 = Debug|Any CPU
		{4EEFC02E-9F2D-4587-B4E2-B215455270DB}.Release|Any CPU.ActiveCfg = Release|Any CPU
		{4EEFC02E-9F2D-4587-B4E2-B215455270DB}.Release|Any CPU.Build.0 = Release|Any CPU
		{F54A75A6-5BBF-4A95-9281-8785CF0B86B8}.Debug|Any CPU.ActiveCfg = Debug|Any CPU
		{F54A75A6-5BBF-4A95-9281-8785CF0B86B8}.Debug|Any CPU.Build.0 = Debug|Any CPU
		{F54A75A6-5BBF-4A95-9281-8785CF0B86B8}.Release|Any CPU.ActiveCfg = Release|Any CPU
		{F54A75A6-5BBF-4A95-9281-8785CF0B86B8}.Release|Any CPU.Build.0 = Release|Any CPU
		{5809DB51-04D3-45E2-B508-58BAE17E09FA}.Debug|Any CPU.ActiveCfg = Debug|Any CPU
		{5809DB51-04D3-45E2-B508-58BAE17E09FA}.Debug|Any CPU.Build.0 = Debug|Any CPU
		{5809DB51-04D3-45E2-B508-58BAE17E09FA}.Release|Any CPU.ActiveCfg = Release|Any CPU
		{5809DB51-04D3-45E2-B508-58BAE17E09FA}.Release|Any CPU.Build.0 = Release|Any CPU
		{8728E824-A8FC-46AD-9150-4D612D454128}.Debug|Any CPU.ActiveCfg = Debug|Any CPU
		{8728E824-A8FC-46AD-9150-4D612D454128}.Debug|Any CPU.Build.0 = Debug|Any CPU
		{8728E824-A8FC-46AD-9150-4D612D454128}.Release|Any CPU.ActiveCfg = Release|Any CPU
		{8728E824-A8FC-46AD-9150-4D612D454128}.Release|Any CPU.Build.0 = Release|Any CPU
	EndGlobalSection
	GlobalSection(NestedProjects) = preSolution
		{E51B1F95-8BD3-4453-826F-0365C7DD61AC} = {886453CE-FD5D-4C28-ADE6-6EE9AB8E26DF}
		{7B08AF60-B046-45CC-BFBB-97D49D01B77D} = {886453CE-FD5D-4C28-ADE6-6EE9AB8E26DF}
		{FA78200F-4B53-4DDA-AF6E-CFF2B020830F} = {886453CE-FD5D-4C28-ADE6-6EE9AB8E26DF}
		{93D6DE34-BED2-40F8-88F2-829DBEF34E1D} = {886453CE-FD5D-4C28-ADE6-6EE9AB8E26DF}
		{AED409B2-DBB8-4590-92FD-A7DEC833CCFF} = {E51B1F95-8BD3-4453-826F-0365C7DD61AC}
		{704B9816-3FCA-4817-BD97-C87CE6F9268D} = {7B08AF60-B046-45CC-BFBB-97D49D01B77D}
		{D7903939-DD15-428E-B029-A6F9168848D3} = {FA78200F-4B53-4DDA-AF6E-CFF2B020830F}
		{4EEFC02E-9F2D-4587-B4E2-B215455270DB} = {93D6DE34-BED2-40F8-88F2-829DBEF34E1D}
		{F54A75A6-5BBF-4A95-9281-8785CF0B86B8} = {93D6DE34-BED2-40F8-88F2-829DBEF34E1D}
		{20DBE5F1-BAB5-4B7A-9562-B2D324D2E2F5} = {357C4FD4-4853-4C86-9CB2-557D6D58842B}
		{5809DB51-04D3-45E2-B508-58BAE17E09FA} = {20DBE5F1-BAB5-4B7A-9562-B2D324D2E2F5}
		{8728E824-A8FC-46AD-9150-4D612D454128} = {20DBE5F1-BAB5-4B7A-9562-B2D324D2E2F5}
	EndGlobalSection
EndGlobal
